
Microsoft Visual Studio Solution File, Format Version 12.00
# Visual Studio Version 17
VisualStudioVersion = 17.3.32825.248
MinimumVisualStudioVersion = 10.0.40219.1
Project("{FAE04EC0-301F-11D3-BF4B-00C04F79EFBC}") = "CharacterWord", "CharacterWord\CharacterWord.csproj", "{2B76CD8F-39FA-456C-B152-FC3C83FB06A2}"
EndProject
Global
	GlobalSection(SolutionConfigurationPlatforms) = preSolution
		Debug|Any CPU = Debug|Any CPU
		Release|Any CPU = Release|Any CPU
	EndGlobalSection
	GlobalSection(ProjectConfigurationPlatforms) = postSolution
		{2B76CD8F-39FA-456C-B152-FC3C83FB06A2}.Debug|Any CPU.ActiveCfg = Debug|Any CPU
		{2B76CD8F-39FA-456C-B152-FC3C83FB06A2}.Debug|Any CPU.Build.0 = Debug|Any CPU
		{2B76CD8F-39FA-456C-B152-FC3C83FB06A2}.Release|Any CPU.ActiveCfg = Release|Any CPU
		{2B76CD8F-39FA-456C-B152-FC3C83FB06A2}.Release|Any CPU.Build.0 = Release|Any CPU
	EndGlobalSection
	GlobalSection(SolutionProperties) = preSolution
		HideSolutionNode = FALSE
	EndGlobalSection
	GlobalSection(ExtensibilityGlobals) = postSolution
		SolutionGuid = {CD45024E-CA32-4174-9E5A-8365C1857594}
	EndGlobalSection
EndGlobal
